<?xml version="1.0" encoding="UTF-8" standalone="yes" ?>
<CodeBlocks_project_file>
	<FileVersion major="1" minor="6" />
	<Project>
		<Option title="2-parcial---Rouge-like" />
		<Option pch_mode="2" />
		<Option compiler="gcc" />
		<Build>
			<Target title="Debug">
				<Option output="bin/Debug/2-parcial---Rouge-like" prefix_auto="1" extension_auto="1" />
				<Option object_output="obj/Debug/" />
				<Option type="1" />
				<Option compiler="gcc" />
				<Compiler>
					<Add option="-g" />
				</Compiler>
			</Target>
			<Target title="Release">
				<Option output="bin/Release/2-parcial---Rouge-like" prefix_auto="1" extension_auto="1" />
				<Option object_output="obj/Release/" />
				<Option type="1" />
				<Option compiler="gcc" />
				<Compiler>
					<Add option="-O2" />
				</Compiler>
				<Linker>
					<Add option="-s" />
				</Linker>
			</Target>
		</Build>
		<Compiler>
			<Add option="-Wall" />
			<Add option="-fexceptions" />
		</Compiler>
		<Unit filename="Clase_mapa.h" />
		<Unit filename="Clase_personaje/Clase_personaje.h" />
		<Unit filename="Clase_personaje/Clase_personaje_MOBs.h" />
		<Unit filename="Clase_personaje/Clase_personaje_MOBs_Esqueleto.h" />
		<Unit filename="Clase_personaje/Clase_personaje_jugador.h" />
		<Unit filename="Control_audio.h" />
		<Unit filename="Control_grafico.h" />
		<Unit filename="Imagenes.h" />
		<Unit filename="Pistas_de_audio.h" />
		<Unit filename="main.cpp" />
		<Extensions>
			<code_completion />
			<envvars />
			<debugger />
		</Extensions>
	</Project>
</CodeBlocks_project_file>
